{
  "name": "jupyter-health-software-documentation",
  "version": "0.0.0",
  "lockfileVersion": 3,
  "requires": true,
  "packages": {
    "": {
      "name": "jupyter-health-software-documentation",
      "version": "0.0.0",
      "dependencies": {
        "mystmd": "^1.6.4"
      }
    },
    "node_modules/mystmd": {
      "version": "1.6.4",
      "resolved": "https://registry.npmjs.org/mystmd/-/mystmd-1.6.4.tgz",
      "integrity": "sha512-MbxzU8hLXvRWG8gfGZbKG8m1aa8GAzRINiUE10PO0EcbZ08n01Sz1MqVWBGznVNdhI60pjqIWTHA9UziOj9kSA==",
      "license": "MIT",
      "bin": {
        "myst": "dist/myst.cjs"
      }
    }
  }
}
