{
  "name": "jupyter-health-software-documentation",
  "version": "0.0.0",
  "lockfileVersion": 3,
  "requires": true,
  "packages": {
    "": {
      "name": "jupyter-health-software-documentation",
      "version": "0.0.0",
      "dependencies": {
        "mystmd": "^1.6.3"
      }
    },
    "node_modules/mystmd": {
      "version": "1.6.3",
      "resolved": "https://registry.npmjs.org/mystmd/-/mystmd-1.6.3.tgz",
      "integrity": "sha512-tBkZq6wl8QbNULWDT1pQqY1UcEcZqtVi8NWIhd4Q6/363vGiG9RQvw5eHmupaxiW8x61mCZdJUqleoPWprNoAw==",
      "license": "MIT",
      "bin": {
        "myst": "dist/myst.cjs"
      }
    }
  }
}
